
Microsoft Visual Studio Solution File, Format Version 12.00
# Visual Studio Version 16
VisualStudioVersion = 16.0.32802.440
MinimumVisualStudioVersion = 10.0.40219.1
Project("{FAE04EC0-301F-11D3-BF4B-00C04F79EFBC}") = "store", "store.csproj", "{F8504FAD-29E2-490D-AE83-588B9F0E1544}"
EndProject
Global
	GlobalSection(SolutionConfigurationPlatforms) = preSolution
		Debug|Any CPU = Debug|Any CPU
		Release|Any CPU = Release|Any CPU
	EndGlobalSection
	GlobalSection(ProjectConfigurationPlatforms) = postSolution
		{F8504FAD-29E2-490D-AE83-588B9F0E1544}.Debug|Any CPU.ActiveCfg = Debug|Any CPU
		{F8504FAD-29E2-490D-AE83-588B9F0E1544}.Debug|Any CPU.Build.0 = Debug|Any CPU
		{F8504FAD-29E2-490D-AE83-588B9F0E1544}.Release|Any CPU.ActiveCfg = Release|Any CPU
		{F8504FAD-29E2-490D-AE83-588B9F0E1544}.Release|Any CPU.Build.0 = Release|Any CPU
	EndGlobalSection
	GlobalSection(SolutionProperties) = preSolution
		HideSolutionNode = FALSE
	EndGlobalSection
	GlobalSection(ExtensibilityGlobals) = postSolution
		SolutionGuid = {61F6A35B-A24F-48DC-B5C2-241F491A72D1}
	EndGlobalSection
EndGlobal
